hash: eaf3c36a4b7d30df6ee0beaee9f387caa60d8aa639bfddb1a9a01f604e481c62
updated: 2018-02-05T18:55:51.026433327-05:00
imports:
- name: github.com/google/go-github
  version: e48060a28fac52d0f1cb758bc8b87c07bac4a87d
  subpackages:
  - github
- name: gopkg.in/src-d/go-git.v4
  version: e9247ce9c5ce12126f646ca3ddf0066e4829bd14
testImports: []
